Microsoft Visual Studio Solution File, Format Version 12.00
# Visual Studio Version 17
VisualStudioVersion = 17.5.2.0
MinimumVisualStudioVersion = 10.0.40219.1
Project("{FAE04EC0-301F-11D3-BF4B-00C04F79EFBC}") = "AppDevicesMedical", "AppDevicesMedical.csproj", "{A87B34C2-364B-0944-0B0C-790899C7508E}"
EndProject
Global
	GlobalSection(SolutionConfigurationPlatforms) = preSolution
		Debug|Any CPU = Debug|Any CPU
		Release|Any CPU = Release|Any CPU
	EndGlobalSection
	GlobalSection(ProjectConfigurationPlatforms) = postSolution
		{A87B34C2-364B-0944-0B0C-790899C7508E}.Debug|Any CPU.ActiveCfg = Debug|Any CPU
		{A87B34C2-364B-0944-0B0C-790899C7508E}.Debug|Any CPU.Build.0 = Debug|Any CPU
		{A87B34C2-364B-0944-0B0C-790899C7508E}.Release|Any CPU.ActiveCfg = Release|Any CPU
		{A87B34C2-364B-0944-0B0C-790899C7508E}.Release|Any CPU.Build.0 = Release|Any CPU
	EndGlobalSection
	GlobalSection(SolutionProperties) = preSolution
		HideSolutionNode = FALSE
	EndGlobalSection
	GlobalSection(ExtensibilityGlobals) = postSolution
		SolutionGuid = {B7F892BA-38D8-4044-B884-6721E6B52219}
	EndGlobalSection
EndGlobal
